
Microsoft Visual Studio Solution File, Format Version 12.00
# Visual Studio Version 17
VisualStudioVersion = 17.8.34330.188
MinimumVisualStudioVersion = 10.0.40219.1
Project("{FAE04EC0-301F-11D3-BF4B-00C04F79EFBC}") = "Whistleblowing", "Whistleblowing\Whistleblowing.csproj", "{0A7CA403-FF29-4D2C-8968-42A85489F118}"
EndProject
Project("{FAE04EC0-301F-11D3-BF4B-00C04F79EFBC}") = "Whistleblowing.Web", "..\Whistleblowing.Web\Whistleblowing.Web.csproj", "{6157F249-02AB-4212-ADC8-27DB875D16C9}"
EndProject
Global
	GlobalSection(SolutionConfigurationPlatforms) = preSolution
		Debug|Any CPU = Debug|Any CPU
		Release|Any CPU = Release|Any CPU
	EndGlobalSection
	GlobalSection(ProjectConfigurationPlatforms) = postSolution
		{0A7CA403-FF29-4D2C-8968-42A85489F118}.Debug|Any CPU.ActiveCfg = Debug|Any CPU
		{0A7CA403-FF29-4D2C-8968-42A85489F118}.Debug|Any CPU.Build.0 = Debug|Any CPU
		{0A7CA403-FF29-4D2C-8968-42A85489F118}.Release|Any CPU.ActiveCfg = Release|Any CPU
		{0A7CA403-FF29-4D2C-8968-42A85489F118}.Release|Any CPU.Build.0 = Release|Any CPU
		{6157F249-02AB-4212-ADC8-27DB875D16C9}.Debug|Any CPU.ActiveCfg = Debug|Any CPU
		{6157F249-02AB-4212-ADC8-27DB875D16C9}.Debug|Any CPU.Build.0 = Debug|Any CPU
		{6157F249-02AB-4212-ADC8-27DB875D16C9}.Release|Any CPU.ActiveCfg = Release|Any CPU
		{6157F249-02AB-4212-ADC8-27DB875D16C9}.Release|Any CPU.Build.0 = Release|Any CPU
	EndGlobalSection
	GlobalSection(SolutionProperties) = preSolution
		HideSolutionNode = FALSE
	EndGlobalSection
	GlobalSection(ExtensibilityGlobals) = postSolution
		SolutionGuid = {7AFD16EC-EBFE-4BE4-A171-BD698660AE0F}
	EndGlobalSection
EndGlobal
